# THIS IS AN AUTOGENERATED FILE. DO NOT EDIT THIS FILE DIRECTLY.
# yarn lockfile v1


"@polymer/polymer@^3.0.0-pre.1":
  version "3.0.0-pre.1"
  resolved "https://registry.yarnpkg.com/@polymer/polymer/-/polymer-3.0.0-pre.1.tgz#9fc26b5259aad9265f324ced02de715991d2eabe"
  dependencies:
    "@webcomponents/shadycss" "^1.0.0"
    "@webcomponents/webcomponentsjs" "^1.0.0"

"@webcomponents/shadycss@^1.0.0":
  version "1.0.6"
  resolved "https://registry.yarnpkg.com/@webcomponents/shadycss/-/shadycss-1.0.6.tgz#5679919c43da77cbc884ba0bef6457111c65d7cd"

"@webcomponents/webcomponentsjs@1.0.13", "@webcomponents/webcomponentsjs@^1.0.0", "@webcomponents/webcomponentsjs@^1.0.13":
  version "1.0.13"
  resolved "https://registry.yarnpkg.com/@webcomponents/webcomponentsjs/-/webcomponentsjs-1.0.13.tgz#c42e4c321a0b252f721bead04111ebd4dfc39969"

array.from@^0.2.0:
  version "0.2.0"
  resolved "https://registry.yarnpkg.com/array.from/-/array.from-0.2.0.tgz#2c627b1b76dff2def2365fa052b65c3d585e5f6b"

color-convert@0.6.0, color-convert@^0.6.0, color-convert@~0.5.0:
  version "0.6.0"
  resolved "https://registry.yarnpkg.com/color-convert/-/color-convert-0.6.0.tgz#e1fbd9e9c2602012b1116267e25d5295ab1addc1"

eases@^1.0.2:
  version "1.0.8"
  resolved "https://registry.yarnpkg.com/eases/-/eases-1.0.8.tgz#f1f5069a6b6ed2ea510f9c6110398d63efe9aee6"

fivetwelve-driver-usbpro@^1.0.2:
  version "1.0.2"
  resolved "https://registry.yarnpkg.com/fivetwelve-driver-usbpro/-/fivetwelve-driver-usbpro-1.0.2.tgz#37bc43ef10d698ed168db93e5adc59883a082709"

fivetwelve@^1.0.0-alpha.1:
  version "1.0.0-alpha.4"
  resolved "https://registry.yarnpkg.com/fivetwelve/-/fivetwelve-1.0.0-alpha.4.tgz#b724e0830440b3f6bfe6e6376818c2896ea5f8a8"
  dependencies:
    array.from "^0.2.0"
    color-convert "^0.6.0"
    object-assign "^4.0.1"
    parse-color "^1.0.0"

gl-vec3@^1.0.2:
  version "1.0.3"
  resolved "https://registry.yarnpkg.com/gl-vec3/-/gl-vec3-1.0.3.tgz#110fd897d0729f6398307381567d0944941bf22b"

inherits@^2.0.1:
  version "2.0.3"
  resolved "https://registry.yarnpkg.com/inherits/-/inherits-2.0.3.tgz#633c2c83e3da42a502f52466022480f4208261de"

keyframes@^2.2.1:
  version "2.3.0"
  resolved "https://registry.yarnpkg.com/keyframes/-/keyframes-2.3.0.tgz#9c3c4aadbf64d9b757042cdee492402120739af2"
  dependencies:
    gl-vec3 "^1.0.2"
    lerp-array "^1.0.0"
    unlerp "^1.0.0"

keytime@^0.1.1:
  version "0.1.1"
  resolved "https://registry.yarnpkg.com/keytime/-/keytime-0.1.1.tgz#bf4cba8bf8302ae6aaf86af483a9daafdc1713ab"
  dependencies:
    eases "^1.0.2"
    inherits "^2.0.1"
    keyframes "^2.2.1"
    lerp-array "^1.0.2"
    xtend "^4.0.0"

lerp-array@^1.0.0, lerp-array@^1.0.2:
  version "1.1.1"
  resolved "https://registry.yarnpkg.com/lerp-array/-/lerp-array-1.1.1.tgz#49ec1794a6db28546fcd4cd61e2192f2ef168c68"
  dependencies:
    lerp "^1.0.0"

lerp@^1.0.0:
  version "1.0.3"
  resolved "https://registry.yarnpkg.com/lerp/-/lerp-1.0.3.tgz#a18c8968f917896de15ccfcc28d55a6b731e776e"

lit-html@^0.6.0:
  version "0.6.0"
  resolved "https://registry.yarnpkg.com/lit-html/-/lit-html-0.6.0.tgz#3d756ea67f6d0cac1c0e78ef9e52d4335198b728"

object-assign@^4.0.1:
  version "4.1.1"
  resolved "https://registry.yarnpkg.com/object-assign/-/object-assign-4.1.1.tgz#2109adc7965887cfc05cbbd442cac8bfbb360863"

parse-color@^1.0.0:
  version "1.0.0"
  resolved "https://registry.yarnpkg.com/parse-color/-/parse-color-1.0.0.tgz#7b748b95a83f03f16a94f535e52d7f3d94658619"
  dependencies:
    color-convert "~0.5.0"

unlerp@^1.0.0:
  version "1.0.1"
  resolved "https://registry.yarnpkg.com/unlerp/-/unlerp-1.0.1.tgz#e28351e3b0b77f56398027aef8b2e4f14bd376fa"

xtend@^4.0.0:
  version "4.0.1"
  resolved "https://registry.yarnpkg.com/xtend/-/xtend-4.0.1.tgz#a5c6d532be656e23db820efb943a1f04998d63af"
